
Microsoft Visual Studio Solution File, Format Version 12.00
Project("{FAE04EC0-301F-11D3-BF4B-00C04F79EFBC}") = "Strall", "Strall\Strall.csproj", "{1FDA2F1B-2248-4437-B65B-CD47454DDDF9}"
EndProject
Project("{FAE04EC0-301F-11D3-BF4B-00C04F79EFBC}") = "Test.Strall", "Test.Strall\Test.Strall.csproj", "{A9A0B233-2B9B-49D2-A6F6-1EB30A49F433}"
EndProject
Global
	GlobalSection(SolutionConfigurationPlatforms) = preSolution
		Debug|Any CPU = Debug|Any CPU
		Release|Any CPU = Release|Any CPU
	EndGlobalSection
	GlobalSection(ProjectConfigurationPlatforms) = postSolution
		{1FDA2F1B-2248-4437-B65B-CD47454DDDF9}.Debug|Any CPU.ActiveCfg = Debug|Any CPU
		{1FDA2F1B-2248-4437-B65B-CD47454DDDF9}.Debug|Any CPU.Build.0 = Debug|Any CPU
		{1FDA2F1B-2248-4437-B65B-CD47454DDDF9}.Release|Any CPU.ActiveCfg = Release|Any CPU
		{1FDA2F1B-2248-4437-B65B-CD47454DDDF9}.Release|Any CPU.Build.0 = Release|Any CPU
		{A9A0B233-2B9B-49D2-A6F6-1EB30A49F433}.Debug|Any CPU.ActiveCfg = Debug|Any CPU
		{A9A0B233-2B9B-49D2-A6F6-1EB30A49F433}.Debug|Any CPU.Build.0 = Debug|Any CPU
		{A9A0B233-2B9B-49D2-A6F6-1EB30A49F433}.Release|Any CPU.ActiveCfg = Release|Any CPU
		{A9A0B233-2B9B-49D2-A6F6-1EB30A49F433}.Release|Any CPU.Build.0 = Release|Any CPU
	EndGlobalSection
EndGlobal
